// !$*UTF8*$!
{
	archiveVersion = 1;
	classes = {
	};
	objectVersion = 50;
	objects = {

/* Begin PBXBuildFile section */
		F984E5D422588F460037E9A7 /* AppDelegate.swift in Sources */ = {isa = PBXBuildFile; fileRef = F984E5D322588F460037E9A7 /* AppDelegate.swift */; };
		F984E5D622588F460037E9A7 /* ViewController.swift in Sources */ = {isa = PBXBuildFile; fileRef = F984E5D522588F460037E9A7 /* ViewController.swift */; };
		F984E5D922588F460037E9A7 /* Main.storyboard in Resources */ = {isa = PBXBuildFile; fileRef = F984E5D722588F460037E9A7 /* Main.storyboard */; };
		F984E5DB22588F470037E9A7 /* Assets.xcassets in Resources */ = {isa = PBXBuildFile; fileRef = F984E5DA22588F470037E9A7 /* Assets.xcassets */; };
		F984E5DE22588F470037E9A7 /* LaunchScreen.storyboard in Resources */ = {isa = PBXBuildFile; fileRef = F984E5DC22588F470037E9A7 /* LaunchScreen.storyboard */; };
		F984E5E922588F470037E9A7 /* WordListTests.swift in Sources */ = {isa = PBXBuildFile; fileRef = F984E5E822588F470037E9A7 /* WordListTests.swift */; };
		F984E5F422588F470037E9A7 /* WordListUITests.swift in Sources */ = {isa = PBXBuildFile; fileRef = F984E5F322588F470037E9A7 /* WordListUITests.swift */; };
		F984E60522588F690037E9A7 /* word_blank.png in Resources */ = {isa = PBXBuildFile; fileRef = F984E60222588F690037E9A7 /* word_blank.png */; };
		F984E60622588F690037E9A7 /* fin.png in Resources */ = {isa = PBXBuildFile; fileRef = F984E60322588F690037E9A7 /* fin.png */; };
		F984E60722588F690037E9A7 /* title_logo.png in Resources */ = {isa = PBXBuildFile; fileRef = F984E60422588F690037E9A7 /* title_logo.png */; };
		F984E6352258F2FF0037E9A7 /* QuestionViewController.swift in Sources */ = {isa = PBXBuildFile; fileRef = F984E6342258F2FF0037E9A7 /* QuestionViewController.swift */; };
		F984E6372258F3270037E9A7 /* FinishViewController.swift in Sources */ = {isa = PBXBuildFile; fileRef = F984E6362258F3270037E9A7 /* FinishViewController.swift */; };
		F984E6392258F3620037E9A7 /* ListTableTableViewController.swift in Sources */ = {isa = PBXBuildFile; fileRef = F984E6382258F3620037E9A7 /* ListTableTableViewController.swift */; };
		F984E63B2258F3870037E9A7 /* AddViewController.swift in Sources */ = {isa = PBXBuildFile; fileRef = F984E63A2258F3870037E9A7 /* AddViewController.swift */; };
		F99D86E0225AD14600101BDC /* ListTableViewCell.swift in Sources */ = {isa = PBXBuildFile; fileRef = F99D86DE225AD14600101BDC /* ListTableViewCell.swift */; };
		F99D86E1225AD14600101BDC /* ListTableViewCell.xib in Resources */ = {isa = PBXBuildFile; fileRef = F99D86DF225AD14600101BDC /* ListTableViewCell.xib */; };
/* End PBXBuildFile section */

/* Begin PBXContainerItemProxy section */
		F984E5E522588F470037E9A7 /* PBXContainerItemProxy */ = {
			isa = PBXContainerItemProxy;
			containerPortal = F984E5C822588F460037E9A7 /* Project object */;
			proxyType = 1;
			remoteGlobalIDString = F984E5CF22588F460037E9A7;
			remoteInfo = WordList;
		};
		F984E5F022588F470037E9A7 /* PBXContainerItemProxy */ = {
			isa = PBXContainerItemProxy;
			containerPortal = F984E5C822588F460037E9A7 /* Project object */;
			proxyType = 1;
			remoteGlobalIDString = F984E5CF22588F460037E9A7;
			remoteInfo = WordList;
		};
/* End PBXContainerItemProxy section */

/* Begin PBXFileReference section */
		F984E5D022588F460037E9A7 /* WordList.app */ = {isa = PBXFileReference; explicitFileType = wrapper.application; includeInIndex = 0; path = WordList.app; sourceTree = BUILT_PRODUCTS_DIR; };
		F984E5D322588F460037E9A7 /* AppDelegate.swift */ = {isa = PBXFileReference; lastKnownFileType = sourcecode.swift; path = AppDelegate.swift; sourceTree = "<group>"; };
		F984E5D522588F460037E9A7 /* ViewController.swift */ = {isa = PBXFileReference; lastKnownFileType = sourcecode.swift; path = ViewController.swift; sourceTree = "<group>"; };
		F984E5D822588F460037E9A7 /* Base */ = {isa = PBXFileReference; lastKnownFileType = file.storyboard; name = Base; path = Base.lproj/Main.storyboard; sourceTree = "<group>"; };
		F984E5DA22588F470037E9A7 /* Assets.xcassets */ = {isa = PBXFileReference; lastKnownFileType = folder.assetcatalog; path = Assets.xcassets; sourceTree = "<group>"; };
		F984E5DD22588F470037E9A7 /* Base */ = {isa = PBXFileReference; lastKnownFileType = file.storyboard; name = Base; path = Base.lproj/LaunchScreen.storyboard; sourceTree = "<group>"; };
		F984E5DF22588F470037E9A7 /* Info.plist */ = {isa = PBXFileReference; lastKnownFileType = text.plist.xml; path = Info.plist; sourceTree = "<group>"; };
		F984E5E422588F470037E9A7 /* WordListTests.xctest */ = {isa = PBXFileReference; explicitFileType = wrapper.cfbundle; includeInIndex = 0; path = WordListTests.xctest; sourceTree = BUILT_PRODUCTS_DIR; };
		F984E5E822588F470037E9A7 /* WordListTests.swift */ = {isa = PBXFileReference; lastKnownFileType = sourcecode.swift; path = WordListTests.swift; sourceTree = "<group>"; };
		F984E5EA22588F470037E9A7 /* Info.plist */ = {isa = PBXFileReference; lastKnownFileType = text.plist.xml; path = Info.plist; sourceTree = "<group>"; };
		F984E5EF22588F470037E9A7 /* WordListUITests.xctest */ = {isa = PBXFileReference; explicitFileType = wrapper.cfbundle; includeInIndex = 0; path = WordListUITests.xctest; sourceTree = BUILT_PRODUCTS_DIR; };
		F984E5F322588F470037E9A7 /* WordListUITests.swift */ = {isa = PBXFileReference; lastKnownFileType = sourcecode.swift; path = WordListUITests.swift; sourceTree = "<group>"; };
		F984E5F522588F470037E9A7 /* Info.plist */ = {isa = PBXFileReference; lastKnownFileType = text.plist.xml; path = Info.plist; sourceTree = "<group>"; };
		F984E60222588F690037E9A7 /* word_blank.png */ = {isa = PBXFileReference; lastKnownFileType = image.png; path = word_blank.png; sourceTree = "<group>"; };
		F984E60322588F690037E9A7 /* fin.png */ = {isa = PBXFileReference; lastKnownFileType = image.png; path = fin.png; sourceTree = "<group>"; };
		F984E60422588F690037E9A7 /* title_logo.png */ = {isa = PBXFileReference; lastKnownFileType = image.png; path = title_logo.png; sourceTree = "<group>"; };
		F984E6342258F2FF0037E9A7 /* QuestionViewController.swift */ = {isa = PBXFileReference; lastKnownFileType = sourcecode.swift; path = QuestionViewController.swift; sourceTree = "<group>"; };
		F984E6362258F3270037E9A7 /* FinishViewController.swift */ = {isa = PBXFileReference; lastKnownFileType = sourcecode.swift; path = FinishViewController.swift; sourceTree = "<group>"; };
		F984E6382258F3620037E9A7 /* ListTableTableViewController.swift */ = {isa = PBXFileReference; lastKnownFileType = sourcecode.swift; path = ListTableTableViewController.swift; sourceTree = "<group>"; };
		F984E63A2258F3870037E9A7 /* AddViewController.swift */ = {isa = PBXFileReference; lastKnownFileType = sourcecode.swift; path = AddViewController.swift; sourceTree = "<group>"; };
		F99D86DE225AD14600101BDC /* ListTableViewCell.swift */ = {isa = PBXFileReference; lastKnownFileType = sourcecode.swift; path = ListTableViewCell.swift; sourceTree = "<group>"; };
		F99D86DF225AD14600101BDC /* ListTableViewCell.xib */ = {isa = PBXFileReference; lastKnownFileType = file.xib; path = ListTableViewCell.xib; sourceTree = "<group>"; };
/* End PBXFileReference section */

/* Begin PBXFrameworksBuildPhase section */
		F984E5CD22588F460037E9A7 /* Frameworks */ = {
			isa = PBXFrameworksBuildPhase;
			buildActionMask = 2147483647;
			files = (
			);
			runOnlyForDeploymentPostprocessing = 0;
		};
		F984E5E122588F470037E9A7 /* Frameworks */ = {
			isa = PBXFrameworksBuildPhase;
			buildActionMask = 2147483647;
			files = (
			);
			runOnlyForDeploymentPostprocessing = 0;
		};
		F984E5EC22588F470037E9A7 /* Frameworks */ = {
			isa = PBXFrameworksBuildPhase;
			buildActionMask = 2147483647;
			files = (
			);
			runOnlyForDeploymentPostprocessing = 0;
		};
/* End PBXFrameworksBuildPhase section */

/* Begin PBXGroup section */
		F984E5C722588F460037E9A7 = {
			isa = PBXGroup;
			children = (
				F984E5D222588F460037E9A7 /* WordList */,
				F984E5E722588F470037E9A7 /* WordListTests */,
				F984E5F222588F470037E9A7 /* WordListUITests */,
				F984E5D122588F460037E9A7 /* Products */,
			);
			sourceTree = "<group>";
		};
		F984E5D122588F460037E9A7 /* Products */ = {
			isa = PBXGroup;
			children = (
				F984E5D022588F460037E9A7 /* WordList.app */,
				F984E5E422588F470037E9A7 /* WordListTests.xctest */,
				F984E5EF22588F470037E9A7 /* WordListUITests.xctest */,
			);
			name = Products;
			sourceTree = "<group>";
		};
		F984E5D222588F460037E9A7 /* WordList */ = {
			isa = PBXGroup;
			children = (
				F984E60122588F690037E9A7 /* WordList素材 */,
				F984E5D322588F460037E9A7 /* AppDelegate.swift */,
				F984E5D522588F460037E9A7 /* ViewController.swift */,
				F984E5D722588F460037E9A7 /* Main.storyboard */,
				F984E5DA22588F470037E9A7 /* Assets.xcassets */,
				F984E6342258F2FF0037E9A7 /* QuestionViewController.swift */,
				F984E6362258F3270037E9A7 /* FinishViewController.swift */,
				F984E6382258F3620037E9A7 /* ListTableTableViewController.swift */,
				F984E63A2258F3870037E9A7 /* AddViewController.swift */,
				F984E5DC22588F470037E9A7 /* LaunchScreen.storyboard */,
				F984E5DF22588F470037E9A7 /* Info.plist */,
				F99D86DE225AD14600101BDC /* ListTableViewCell.swift */,
				F99D86DF225AD14600101BDC /* ListTableViewCell.xib */,
			);
			path = WordList;
			sourceTree = "<group>";
		};
		F984E5E722588F470037E9A7 /* WordListTests */ = {
			isa = PBXGroup;
			children = (
				F984E5E822588F470037E9A7 /* WordListTests.swift */,
				F984E5EA22588F470037E9A7 /* Info.plist */,
			);
			path = WordListTests;
			sourceTree = "<group>";
		};
		F984E5F222588F470037E9A7 /* WordListUITests */ = {
			isa = PBXGroup;
			children = (
				F984E5F322588F470037E9A7 /* WordListUITests.swift */,
				F984E5F522588F470037E9A7 /* Info.plist */,
			);
			path = WordListUITests;
			sourceTree = "<group>";
		};
		F984E60122588F690037E9A7 /* WordList素材 */ = {
			isa = PBXGroup;
			children = (
				F984E60222588F690037E9A7 /* word_blank.png */,
				F984E60322588F690037E9A7 /* fin.png */,
				F984E60422588F690037E9A7 /* title_logo.png */,
			);
			path = "WordList素材";
			sourceTree = "<group>";
		};
/* End PBXGroup section */

/* Begin PBXNativeTarget section */
		F984E5CF22588F460037E9A7 /* WordList */ = {
			isa = PBXNativeTarget;
			buildConfigurationList = F984E5F822588F470037E9A7 /* Build configuration list for PBXNativeTarget "WordList" */;
			buildPhases = (
				F984E5CC22588F460037E9A7 /* Sources */,
				F984E5CD22588F460037E9A7 /* Frameworks */,
				F984E5CE22588F460037E9A7 /* Resources */,
			);
			buildRules = (
			);
			dependencies = (
			);
			name = WordList;
			productName = WordList;
			productReference = F984E5D022588F460037E9A7 /* WordList.app */;
			productType = "com.apple.product-type.application";
		};
		F984E5E322588F470037E9A7 /* WordListTests */ = {
			isa = PBXNativeTarget;
			buildConfigurationList = F984E5FB22588F470037E9A7 /* Build configuration list for PBXNativeTarget "WordListTests" */;
			buildPhases = (
				F984E5E022588F470037E9A7 /* Sources */,
				F984E5E122588F470037E9A7 /* Frameworks */,
				F984E5E222588F470037E9A7 /* Resources */,
			);
			buildRules = (
			);
			dependencies = (
				F984E5E622588F470037E9A7 /* PBXTargetDependency */,
			);
			name = WordListTests;
			productName = WordListTests;
			productReference = F984E5E422588F470037E9A7 /* WordListTests.xctest */;
			productType = "com.apple.product-type.bundle.unit-test";
		};
		F984E5EE22588F470037E9A7 /* WordListUITests */ = {
			isa = PBXNativeTarget;
			buildConfigurationList = F984E5FE22588F470037E9A7 /* Build configuration list for PBXNativeTarget "WordListUITests" */;
			buildPhases = (
				F984E5EB22588F470037E9A7 /* Sources */,
				F984E5EC22588F470037E9A7 /* Frameworks */,
				F984E5ED22588F470037E9A7 /* Resources */,
			);
			buildRules = (
			);
			dependencies = (
				F984E5F122588F470037E9A7 /* PBXTargetDependency */,
			);
			name = WordListUITests;
			productName = WordListUITests;
			productReference = F984E5EF22588F470037E9A7 /* WordListUITests.xctest */;
			productType = "com.apple.product-type.bundle.ui-testing";
		};
/* End PBXNativeTarget section */

/* Begin PBXProject section */
		F984E5C822588F460037E9A7 /* Project object */ = {
			isa = PBXProject;
			attributes = {
				LastSwiftUpdateCheck = 1010;
				LastUpgradeCheck = 1010;
				ORGANIZATIONNAME = litech;
				TargetAttributes = {
					F984E5CF22588F460037E9A7 = {
						CreatedOnToolsVersion = 10.1;
					};
					F984E5E322588F470037E9A7 = {
						CreatedOnToolsVersion = 10.1;
						TestTargetID = F984E5CF22588F460037E9A7;
					};
					F984E5EE22588F470037E9A7 = {
						CreatedOnToolsVersion = 10.1;
						TestTargetID = F984E5CF22588F460037E9A7;
					};
				};
			};
			buildConfigurationList = F984E5CB22588F460037E9A7 /* Build configuration list for PBXProject "WordList" */;
			compatibilityVersion = "Xcode 9.3";
			developmentRegion = en;
			hasScannedForEncodings = 0;
			knownRegions = (
				en,
				Base,
			);
			mainGroup = F984E5C722588F460037E9A7;
			productRefGroup = F984E5D122588F460037E9A7 /* Products */;
			projectDirPath = "";
			projectRoot = "";
			targets = (
				F984E5CF22588F460037E9A7 /* WordList */,
				F984E5E322588F470037E9A7 /* WordListTests */,
				F984E5EE22588F470037E9A7 /* WordListUITests */,
			);
		};
/* End PBXProject section */

/* Begin PBXResourcesBuildPhase section */
		F984E5CE22588F460037E9A7 /* Resources */ = {
			isa = PBXResourcesBuildPhase;
			buildActionMask = 2147483647;
			files = (
				F984E60522588F690037E9A7 /* word_blank.png in Resources */,
				F984E60722588F690037E9A7 /* title_logo.png in Resources */,
				F984E5DE22588F470037E9A7 /* LaunchScreen.storyboard in Resources */,
				F984E5DB22588F470037E9A7 /* Assets.xcassets in Resources */,
				F984E60622588F690037E9A7 /* fin.png in Resources */,
				F984E5D922588F460037E9A7 /* Main.storyboard in Resources */,
				F99D86E1225AD14600101BDC /* ListTableViewCell.xib in Resources */,
			);
			runOnlyForDeploymentPostprocessing = 0;
		};
		F984E5E222588F470037E9A7 /* Resources */ = {
			isa = PBXResourcesBuildPhase;
			buildActionMask = 2147483647;
			files = (
			);
			runOnlyForDeploymentPostprocessing = 0;
		};
		F984E5ED22588F470037E9A7 /* Resources */ = {
			isa = PBXResourcesBuildPhase;
			buildActionMask = 2147483647;
			files = (
			);
			runOnlyForDeploymentPostprocessing = 0;
		};
/* End PBXResourcesBuildPhase section */

/* Begin PBXSourcesBuildPhase section */
		F984E5CC22588F460037E9A7 /* Sources */ = {
			isa = PBXSourcesBuildPhase;
			buildActionMask = 2147483647;
			files = (
				F99D86E0225AD14600101BDC /* ListTableViewCell.swift in Sources */,
				F984E5D622588F460037E9A7 /* ViewController.swift in Sources */,
				F984E6372258F3270037E9A7 /* FinishViewController.swift in Sources */,
				F984E63B2258F3870037E9A7 /* AddViewController.swift in Sources */,
				F984E5D422588F460037E9A7 /* AppDelegate.swift in Sources */,
				F984E6352258F2FF0037E9A7 /* QuestionViewController.swift in Sources */,
				F984E6392258F3620037E9A7 /* ListTableTableViewController.swift in Sources */,
			);
			runOnlyForDeploymentPostprocessing = 0;
		};
		F984E5E022588F470037E9A7 /* Sources */ = {
			isa = PBXSourcesBuildPhase;
			buildActionMask = 2147483647;
			files = (
				F984E5E922588F470037E9A7 /* WordListTests.swift in Sources */,
			);
			runOnlyForDeploymentPostprocessing = 0;
		};
		F984E5EB22588F470037E9A7 /* Sources */ = {
			isa = PBXSourcesBuildPhase;
			buildActionMask = 2147483647;
			files = (
				F984E5F422588F470037E9A7 /* WordListUITests.swift in Sources */,
			);
			runOnlyForDeploymentPostprocessing = 0;
		};
/* End PBXSourcesBuildPhase section */

/* Begin PBXTargetDependency section */
		F984E5E622588F470037E9A7 /* PBXTargetDependency */ = {
			isa = PBXTargetDependency;
			target = F984E5CF22588F460037E9A7 /* WordList */;
			targetProxy = F984E5E522588F470037E9A7 /* PBXContainerItemProxy */;
		};
		F984E5F122588F470037E9A7 /* PBXTargetDependency */ = {
			isa = PBXTargetDependency;
			target = F984E5CF22588F460037E9A7 /* WordList */;
			targetProxy = F984E5F022588F470037E9A7 /* PBXContainerItemProxy */;
		};
/* End PBXTargetDependency section */

/* Begin PBXVariantGroup section */
		F984E5D722588F460037E9A7 /* Main.storyboard */ = {
			isa = PBXVariantGroup;
			children = (
				F984E5D822588F460037E9A7 /* Base */,
			);
			name = Main.storyboard;
			sourceTree = "<group>";
		};
		F984E5DC22588F470037E9A7 /* LaunchScreen.storyboard */ = {
			isa = PBXVariantGroup;
			children = (
				F984E5DD22588F470037E9A7 /* Base */,
			);
			name = LaunchScreen.storyboard;
			sourceTree = "<group>";
		};
/* End PBXVariantGroup section */

/* Begin XCBuildConfiguration section */
		F984E5F622588F470037E9A7 /* Debug */ = {
			isa = XCBuildConfiguration;
			buildSettings = {
				ALWAYS_SEARCH_USER_PATHS = NO;
				CLANG_ANALYZER_NONNULL = YES;
				CLANG_ANALYZER_NUMBER_OBJECT_CONVERSION = YES_AGGRESSIVE;
				CLANG_CXX_LANGUAGE_STANDARD = "gnu++14";
				CLANG_CXX_LIBRARY = "libc++";
				CLANG_ENABLE_MODULES = YES;
				CLANG_ENABLE_OBJC_ARC = YES;
				CLANG_ENABLE_OBJC_WEAK = YES;
				CLANG_WARN_BLOCK_CAPTURE_AUTORELEASING = YES;
				CLANG_WARN_BOOL_CONVERSION = YES;
				CLANG_WARN_COMMA = YES;
				CLANG_WARN_CONSTANT_CONVERSION = YES;
				CLANG_WARN_DEPRECATED_OBJC_IMPLEMENTATIONS = YES;
				CLANG_WARN_DIRECT_OBJC_ISA_USAGE = YES_ERROR;
				CLANG_WARN_DOCUMENTATION_COMMENTS = YES;
				CLANG_WARN_EMPTY_BODY = YES;
				CLANG_WARN_ENUM_CONVERSION = YES;
				CLANG_WARN_INFINITE_RECURSION = YES;
				CLANG_WARN_INT_CONVERSION = YES;
				CLANG_WARN_NON_LITERAL_NULL_CONVERSION = YES;
				CLANG_WARN_OBJC_IMPLICIT_RETAIN_SELF = YES;
				CLANG_WARN_OBJC_LITERAL_CONVERSION = YES;
				CLANG_WARN_OBJC_ROOT_CLASS = YES_ERROR;
				CLANG_WARN_RANGE_LOOP_ANALYSIS = YES;
				CLANG_WARN_STRICT_PROTOTYPES = YES;
				CLANG_WARN_SUSPICIOUS_MOVE = YES;
				CLANG_WARN_UNGUARDED_AVAILABILITY = YES_AGGRESSIVE;
				CLANG_WARN_UNREACHABLE_CODE = YES;
				CLANG_WARN__DUPLICATE_METHOD_MATCH = YES;
				CODE_SIGN_IDENTITY = "iPhone Developer";
				COPY_PHASE_STRIP = NO;
				DEBUG_INFORMATION_FORMAT = dwarf;
				ENABLE_STRICT_OBJC_MSGSEND = YES;
				ENABLE_TESTABILITY = YES;
				GCC_C_LANGUAGE_STANDARD = gnu11;
				GCC_DYNAMIC_NO_PIC = NO;
				GCC_NO_COMMON_BLOCKS = YES;
				GCC_OPTIMIZATION_LEVEL = 0;
				GCC_PREPROCESSOR_DEFINITIONS = (
					"DEBUG=1",
					"$(inherited)",
				);
				GCC_WARN_64_TO_32_BIT_CONVERSION = YES;
				GCC_WARN_ABOUT_RETURN_TYPE = YES_ERROR;
				GCC_WARN_UNDECLARED_SELECTOR = YES;
				GCC_WARN_UNINITIALIZED_AUTOS = YES_AGGRESSIVE;
				GCC_WARN_UNUSED_FUNCTION = YES;
				GCC_WARN_UNUSED_VARIABLE = YES;
				IPHONEOS_DEPLOYMENT_TARGET = 12.1;
				MTL_ENABLE_DEBUG_INFO = INCLUDE_SOURCE;
				MTL_FAST_MATH = YES;
				ONLY_ACTIVE_ARCH = YES;
				SDKROOT = iphoneos;
				SWIFT_ACTIVE_COMPILATION_CONDITIONS = DEBUG;
				SWIFT_OPTIMIZATION_LEVEL = "-Onone";
			};
			name = Debug;
		};
		F984E5F722588F470037E9A7 /* Release */ = {
			isa = XCBuildConfiguration;
			buildSettings = {
				ALWAYS_SEARCH_USER_PATHS = NO;
				CLANG_ANALYZER_NONNULL = YES;
				CLANG_ANALYZER_NUMBER_OBJECT_CONVERSION = YES_AGGRESSIVE;
				CLANG_CXX_LANGUAGE_STANDARD = "gnu++14";
				CLANG_CXX_LIBRARY = "libc++";
				CLANG_ENABLE_MODULES = YES;
				CLANG_ENABLE_OBJC_ARC = YES;
				CLANG_ENABLE_OBJC_WEAK = YES;
				CLANG_WARN_BLOCK_CAPTURE_AUTORELEASING = YES;
				CLANG_WARN_BOOL_CONVERSION = YES;
				CLANG_WARN_COMMA = YES;
				CLANG_WARN_CONSTANT_CONVERSION = YES;
				CLANG_WARN_DEPRECATED_OBJC_IMPLEMENTATIONS = YES;
				CLANG_WARN_DIRECT_OBJC_ISA_USAGE = YES_ERROR;
				CLANG_WARN_DOCUMENTATION_COMMENTS = YES;
				CLANG_WARN_EMPTY_BODY = YES;
				CLANG_WARN_ENUM_CONVERSION = YES;
				CLANG_WARN_INFINITE_RECURSION = YES;
				CLANG_WARN_INT_CONVERSION = YES;
				CLANG_WARN_NON_LITERAL_NULL_CONVERSION = YES;
				CLANG_WARN_OBJC_IMPLICIT_RETAIN_SELF = YES;
				CLANG_WARN_OBJC_LITERAL_CONVERSION = YES;
				CLANG_WARN_OBJC_ROOT_CLASS = YES_ERROR;
				CLANG_WARN_RANGE_LOOP_ANALYSIS = YES;
				CLANG_WARN_STRICT_PROTOTYPES = YES;
				CLANG_WARN_SUSPICIOUS_MOVE = YES;
				CLANG_WARN_UNGUARDED_AVAILABILITY = YES_AGGRESSIVE;
				CLANG_WARN_UNREACHABLE_CODE = YES;
				CLANG_WARN__DUPLICATE_METHOD_MATCH = YES;
				CODE_SIGN_IDENTITY = "iPhone Developer";
				COPY_PHASE_STRIP = NO;
				DEBUG_INFORMATION_FORMAT = "dwarf-with-dsym";
				ENABLE_NS_ASSERTIONS = NO;
				ENABLE_STRICT_OBJC_MSGSEND = YES;
				GCC_C_LANGUAGE_STANDARD = gnu11;
				GCC_NO_COMMON_BLOCKS = YES;
				GCC_WARN_64_TO_32_BIT_CONVERSION = YES;
				GCC_WARN_ABOUT_RETURN_TYPE = YES_ERROR;
				GCC_WARN_UNDECLARED_SELECTOR = YES;
				GCC_WARN_UNINITIALIZED_AUTOS = YES_AGGRESSIVE;
				GCC_WARN_UNUSED_FUNCTION = YES;
				GCC_WARN_UNUSED_VARIABLE = YES;
				IPHONEOS_DEPLOYMENT_TARGET = 12.1;
				MTL_ENABLE_DEBUG_INFO = NO;
				MTL_FAST_MATH = YES;
				SDKROOT = iphoneos;
				SWIFT_COMPILATION_MODE = wholemodule;
				SWIFT_OPTIMIZATION_LEVEL = "-O";
				VALIDATE_PRODUCT = YES;
			};
			name = Release;
		};
		F984E5F922588F470037E9A7 /* Debug */ = {
			isa = XCBuildConfiguration;
			buildSettings = {
				ASSETCATALOG_COMPILER_APPICON_NAME = AppIcon;
				CODE_SIGN_STYLE = Automatic;
				DEVELOPMENT_TEAM = 9PRS99ML5M;
				INFOPLIST_FILE = WordList/Info.plist;
				LD_RUNPATH_SEARCH_PATHS = (
					"$(inherited)",
					"@executable_path/Frameworks",
				);
				PRODUCT_BUNDLE_IDENTIFIER = com.litech.WordList;
				PRODUCT_NAME = "$(TARGET_NAME)";
				SWIFT_VERSION = 4.2;
				TARGETED_DEVICE_FAMILY = "1,2";
			};
			name = Debug;
		};
		F984E5FA22588F470037E9A7 /* Release */ = {
			isa = XCBuildConfiguration;
			buildSettings = {
				ASSETCATALOG_COMPILER_APPICON_NAME = AppIcon;
				CODE_SIGN_STYLE = Automatic;
				DEVELOPMENT_TEAM = 9PRS99ML5M;
				INFOPLIST_FILE = WordList/Info.plist;
				LD_RUNPATH_SEARCH_PATHS = (
					"$(inherited)",
					"@executable_path/Frameworks",
				);
				PRODUCT_BUNDLE_IDENTIFIER = com.litech.WordList;
				PRODUCT_NAME = "$(TARGET_NAME)";
				SWIFT_VERSION = 4.2;
				TARGETED_DEVICE_FAMILY = "1,2";
			};
			name = Release;
		};
		F984E5FC22588F470037E9A7 /* Debug */ = {
			isa = XCBuildConfiguration;
			buildSettings = {
				ALWAYS_EMBED_SWIFT_STANDARD_LIBRARIES = YES;
				BUNDLE_LOADER = "$(TEST_HOST)";
				CODE_SIGN_STYLE = Automatic;
				DEVELOPMENT_TEAM = 9PRS99ML5M;
				INFOPLIST_FILE = WordListTests/Info.plist;
				LD_RUNPATH_SEARCH_PATHS = (
					"$(inherited)",
					"@executable_path/Frameworks",
					"@loader_path/Frameworks",
				);
				PRODUCT_BUNDLE_IDENTIFIER = com.litech.WordListTests;
				PRODUCT_NAME = "$(TARGET_NAME)";
				SWIFT_VERSION = 4.2;
				TARGETED_DEVICE_FAMILY = "1,2";
				TEST_HOST = "$(BUILT_PRODUCTS_DIR)/WordList.app/WordList";
			};
			name = Debug;
		};
		F984E5FD22588F470037E9A7 /* Release */ = {
			isa = XCBuildConfiguration;
			buildSettings = {
				ALWAYS_EMBED_SWIFT_STANDARD_LIBRARIES = YES;
				BUNDLE_LOADER = "$(TEST_HOST)";
				CODE_SIGN_STYLE = Automatic;
				DEVELOPMENT_TEAM = 9PRS99ML5M;
				INFOPLIST_FILE = WordListTests/Info.plist;
				LD_RUNPATH_SEARCH_PATHS = (
					"$(inherited)",
					"@executable_path/Frameworks",
					"@loader_path/Frameworks",
				);
				PRODUCT_BUNDLE_IDENTIFIER = com.litech.WordListTests;
				PRODUCT_NAME = "$(TARGET_NAME)";
				SWIFT_VERSION = 4.2;
				TARGETED_DEVICE_FAMILY = "1,2";
				TEST_HOST = "$(BUILT_PRODUCTS_DIR)/WordList.app/WordList";
			};
			name = Release;
		};
		F984E5FF22588F470037E9A7 /* Debug */ = {
			isa = XCBuildConfiguration;
			buildSettings = {
				ALWAYS_EMBED_SWIFT_STANDARD_LIBRARIES = YES;
				CODE_SIGN_STYLE = Automatic;
				DEVELOPMENT_TEAM = 9PRS99ML5M;
				INFOPLIST_FILE = WordListUITests/Info.plist;
				LD_RUNPATH_SEARCH_PATHS = (
					"$(inherited)",
					"@executable_path/Frameworks",
					"@loader_path/Frameworks",
				);
				PRODUCT_BUNDLE_IDENTIFIER = com.litech.WordListUITests;
				PRODUCT_NAME = "$(TARGET_NAME)";
				SWIFT_VERSION = 4.2;
				TARGETED_DEVICE_FAMILY = "1,2";
				TEST_TARGET_NAME = WordList;
			};
			name = Debug;
		};
		F984E60022588F470037E9A7 /* Release */ = {
			isa = XCBuildConfiguration;
			buildSettings = {
				ALWAYS_EMBED_SWIFT_STANDARD_LIBRARIES = YES;
				CODE_SIGN_STYLE = Automatic;
				DEVELOPMENT_TEAM = 9PRS99ML5M;
				INFOPLIST_FILE = WordListUITests/Info.plist;
				LD_RUNPATH_SEARCH_PATHS = (
					"$(inherited)",
					"@executable_path/Frameworks",
					"@loader_path/Frameworks",
				);
				PRODUCT_BUNDLE_IDENTIFIER = com.litech.WordListUITests;
				PRODUCT_NAME = "$(TARGET_NAME)";
				SWIFT_VERSION = 4.2;
				TARGETED_DEVICE_FAMILY = "1,2";
				TEST_TARGET_NAME = WordList;
			};
			name = Release;
		};
/* End XCBuildConfiguration section */

/* Begin XCConfigurationList section */
		F984E5CB22588F460037E9A7 /* Build configuration list for PBXProject "WordList" */ = {
			isa = XCConfigurationList;
			buildConfigurations = (
				F984E5F622588F470037E9A7 /* Debug */,
				F984E5F722588F470037E9A7 /* Release */,
			);
			defaultConfigurationIsVisible = 0;
			defaultConfigurationName = Release;
		};
		F984E5F822588F470037E9A7 /* Build configuration list for PBXNativeTarget "WordList" */ = {
			isa = XCConfigurationList;
			buildConfigurations = (
				F984E5F922588F470037E9A7 /* Debug */,
				F984E5FA22588F470037E9A7 /* Release */,
			);
			defaultConfigurationIsVisible = 0;
			defaultConfigurationName = Release;
		};
		F984E5FB22588F470037E9A7 /* Build configuration list for PBXNativeTarget "WordListTests" */ = {
			isa = XCConfigurationList;
			buildConfigurations = (
				F984E5FC22588F470037E9A7 /* Debug */,
				F984E5FD22588F470037E9A7 /* Release */,
			);
			defaultConfigurationIsVisible = 0;
			defaultConfigurationName = Release;
		};
		F984E5FE22588F470037E9A7 /* Build configuration list for PBXNativeTarget "WordListUITests" */ = {
			isa = XCConfigurationList;
			buildConfigurations = (
				F984E5FF22588F470037E9A7 /* Debug */,
				F984E60022588F470037E9A7 /* Release */,
			);
			defaultConfigurationIsVisible = 0;
			defaultConfigurationName = Release;
		};
/* End XCConfigurationList section */
	};
	rootObject = F984E5C822588F460037E9A7 /* Project object */;
}
